// !$*UTF8*$!
{
	archiveVersion = 1;
	classes = {
	};
	objectVersion = 50;
	objects = {

/* Begin PBXBuildFile section */
		A60406D120EA94F6009ABFE0 /* NetworkManager.swift in Sources */ = {isa = PBXBuildFile; fileRef = A60406D020EA94F6009ABFE0 /* NetworkManager.swift */; };
		A60406D320EA9992009ABFE0 /* NetworkManagerConvenience.swift in Sources */ = {isa = PBXBuildFile; fileRef = A60406D220EA9992009ABFE0 /* NetworkManagerConvenience.swift */; };
		A634F42D20EBD8FC00957041 /* .gitignore in Resources */ = {isa = PBXBuildFile; fileRef = A634F42C20EBD8FC00957041 /* .gitignore */; };
		A634F43020EC2DB700957041 /* Cell.swift in Sources */ = {isa = PBXBuildFile; fileRef = A634F42F20EC2DB700957041 /* Cell.swift */; };
		A67CC11B20DC652F007E4C2D /* AppDelegate.swift in Sources */ = {isa = PBXBuildFile; fileRef = A67CC11A20DC652F007E4C2D /* AppDelegate.swift */; };
		A67CC11D20DC652F007E4C2D /* TravelLocationsViewController.swift in Sources */ = {isa = PBXBuildFile; fileRef = A67CC11C20DC652F007E4C2D /* TravelLocationsViewController.swift */; };
		A67CC12020DC652F007E4C2D /* Main.storyboard in Resources */ = {isa = PBXBuildFile; fileRef = A67CC11E20DC652F007E4C2D /* Main.storyboard */; };
		A67CC12220DC6532007E4C2D /* Assets.xcassets in Resources */ = {isa = PBXBuildFile; fileRef = A67CC12120DC6532007E4C2D /* Assets.xcassets */; };
		A67CC12520DC6532007E4C2D /* LaunchScreen.storyboard in Resources */ = {isa = PBXBuildFile; fileRef = A67CC12320DC6532007E4C2D /* LaunchScreen.storyboard */; };
		A67CC13020DC6532007E4C2D /* Virtual_TouristTests.swift in Sources */ = {isa = PBXBuildFile; fileRef = A67CC12F20DC6532007E4C2D /* Virtual_TouristTests.swift */; };
		A67CC13B20DC66D2007E4C2D /* PhotoAlbumViewController.swift in Sources */ = {isa = PBXBuildFile; fileRef = A67CC13A20DC66D2007E4C2D /* PhotoAlbumViewController.swift */; };
		A67CC13E20DC72CC007E4C2D /* TravelAnnotation.swift in Sources */ = {isa = PBXBuildFile; fileRef = A67CC13D20DC72CC007E4C2D /* TravelAnnotation.swift */; };
		A67CC14120DC8A94007E4C2D /* Constants.swift in Sources */ = {isa = PBXBuildFile; fileRef = A67CC14020DC8A94007E4C2D /* Constants.swift */; };
		A67CC14620DE9090007E4C2D /* VirtualTourist.xcdatamodeld in Sources */ = {isa = PBXBuildFile; fileRef = A67CC14420DE9090007E4C2D /* VirtualTourist.xcdatamodeld */; };
		A67CC14920DE965B007E4C2D /* Pin+Extensions.swift in Sources */ = {isa = PBXBuildFile; fileRef = A67CC14820DE965B007E4C2D /* Pin+Extensions.swift */; };
		A67CC14B20DE967C007E4C2D /* Photo+Extensions.swift in Sources */ = {isa = PBXBuildFile; fileRef = A67CC14A20DE967C007E4C2D /* Photo+Extensions.swift */; };
		A67CC14D20DEB4B7007E4C2D /* DataController.swift in Sources */ = {isa = PBXBuildFile; fileRef = A67CC14C20DEB4B7007E4C2D /* DataController.swift */; };
		A67CC14F20DEBFF0007E4C2D /* PhotoCollectionViewCell.swift in Sources */ = {isa = PBXBuildFile; fileRef = A67CC14E20DEBFF0007E4C2D /* PhotoCollectionViewCell.swift */; };
/* End PBXBuildFile section */

/* Begin PBXContainerItemProxy section */
		A67CC12C20DC6532007E4C2D /* PBXContainerItemProxy */ = {
			isa = PBXContainerItemProxy;
			containerPortal = A67CC10F20DC652F007E4C2D /* Project object */;
			proxyType = 1;
			remoteGlobalIDString = A67CC11620DC652F007E4C2D;
			remoteInfo = "Virtual Tourist";
		};
/* End PBXContainerItemProxy section */

/* Begin PBXFileReference section */
		A60406D020EA94F6009ABFE0 /* NetworkManager.swift */ = {isa = PBXFileReference; lastKnownFileType = sourcecode.swift; path = NetworkManager.swift; sourceTree = "<group>"; };
		A60406D220EA9992009ABFE0 /* NetworkManagerConvenience.swift */ = {isa = PBXFileReference; lastKnownFileType = sourcecode.swift; path = NetworkManagerConvenience.swift; sourceTree = "<group>"; };
		A634F42C20EBD8FC00957041 /* .gitignore */ = {isa = PBXFileReference; lastKnownFileType = text; path = .gitignore; sourceTree = "<group>"; };
		A634F42F20EC2DB700957041 /* Cell.swift */ = {isa = PBXFileReference; lastKnownFileType = sourcecode.swift; path = Cell.swift; sourceTree = "<group>"; };
		A67CC11720DC652F007E4C2D /* Virtual Tourist.app */ = {isa = PBXFileReference; explicitFileType = wrapper.application; includeInIndex = 0; path = "Virtual Tourist.app"; sourceTree = BUILT_PRODUCTS_DIR; };
		A67CC11A20DC652F007E4C2D /* AppDelegate.swift */ = {isa = PBXFileReference; lastKnownFileType = sourcecode.swift; path = AppDelegate.swift; sourceTree = "<group>"; };
		A67CC11C20DC652F007E4C2D /* TravelLocationsViewController.swift */ = {isa = PBXFileReference; lastKnownFileType = sourcecode.swift; path = TravelLocationsViewController.swift; sourceTree = "<group>"; };
		A67CC11F20DC652F007E4C2D /* Base */ = {isa = PBXFileReference; lastKnownFileType = file.storyboard; name = Base; path = Base.lproj/Main.storyboard; sourceTree = "<group>"; };
		A67CC12120DC6532007E4C2D /* Assets.xcassets */ = {isa = PBXFileReference; lastKnownFileType = folder.assetcatalog; path = Assets.xcassets; sourceTree = "<group>"; };
		A67CC12420DC6532007E4C2D /* Base */ = {isa = PBXFileReference; lastKnownFileType = file.storyboard; name = Base; path = Base.lproj/LaunchScreen.storyboard; sourceTree = "<group>"; };
		A67CC12620DC6532007E4C2D /* Info.plist */ = {isa = PBXFileReference; lastKnownFileType = text.plist.xml; path = Info.plist; sourceTree = "<group>"; };
		A67CC12B20DC6532007E4C2D /* Virtual TouristTests.xctest */ = {isa = PBXFileReference; explicitFileType = wrapper.cfbundle; includeInIndex = 0; path = "Virtual TouristTests.xctest"; sourceTree = BUILT_PRODUCTS_DIR; };
		A67CC12F20DC6532007E4C2D /* Virtual_TouristTests.swift */ = {isa = PBXFileReference; lastKnownFileType = sourcecode.swift; path = Virtual_TouristTests.swift; sourceTree = "<group>"; };
		A67CC13120DC6532007E4C2D /* Info.plist */ = {isa = PBXFileReference; lastKnownFileType = text.plist.xml; path = Info.plist; sourceTree = "<group>"; };
		A67CC13A20DC66D2007E4C2D /* PhotoAlbumViewController.swift */ = {isa = PBXFileReference; lastKnownFileType = sourcecode.swift; path = PhotoAlbumViewController.swift; sourceTree = "<group>"; };
		A67CC13D20DC72CC007E4C2D /* TravelAnnotation.swift */ = {isa = PBXFileReference; lastKnownFileType = sourcecode.swift; path = TravelAnnotation.swift; sourceTree = "<group>"; };
		A67CC14020DC8A94007E4C2D /* Constants.swift */ = {isa = PBXFileReference; fileEncoding = 4; lastKnownFileType = sourcecode.swift; path = Constants.swift; sourceTree = "<group>"; };
		A67CC14520DE9090007E4C2D /* VirtualTourist.xcdatamodel */ = {isa = PBXFileReference; lastKnownFileType = wrapper.xcdatamodel; path = VirtualTourist.xcdatamodel; sourceTree = "<group>"; };
		A67CC14820DE965B007E4C2D /* Pin+Extensions.swift */ = {isa = PBXFileReference; lastKnownFileType = sourcecode.swift; path = "Pin+Extensions.swift"; sourceTree = "<group>"; };
		A67CC14A20DE967C007E4C2D /* Photo+Extensions.swift */ = {isa = PBXFileReference; lastKnownFileType = sourcecode.swift; path = "Photo+Extensions.swift"; sourceTree = "<group>"; };
		A67CC14C20DEB4B7007E4C2D /* DataController.swift */ = {isa = PBXFileReference; lastKnownFileType = sourcecode.swift; path = DataController.swift; sourceTree = "<group>"; };
		A67CC14E20DEBFF0007E4C2D /* PhotoCollectionViewCell.swift */ = {isa = PBXFileReference; lastKnownFileType = sourcecode.swift; path = PhotoCollectionViewCell.swift; sourceTree = "<group>"; };
/* End PBXFileReference section */

/* Begin PBXFrameworksBuildPhase section */
		A67CC11420DC652F007E4C2D /* Frameworks */ = {
			isa = PBXFrameworksBuildPhase;
			buildActionMask = 2147483647;
			files = (
			);
			runOnlyForDeploymentPostprocessing = 0;
		};
		A67CC12820DC6532007E4C2D /* Frameworks */ = {
			isa = PBXFrameworksBuildPhase;
			buildActionMask = 2147483647;
			files = (
			);
			runOnlyForDeploymentPostprocessing = 0;
		};
/* End PBXFrameworksBuildPhase section */

/* Begin PBXGroup section */
		A634F42E20EC2D6E00957041 /* Protocols */ = {
			isa = PBXGroup;
			children = (
				A634F42F20EC2DB700957041 /* Cell.swift */,
			);
			path = Protocols;
			sourceTree = "<group>";
		};
		A67CC10E20DC652F007E4C2D = {
			isa = PBXGroup;
			children = (
				A634F42C20EBD8FC00957041 /* .gitignore */,
				A67CC11920DC652F007E4C2D /* Virtual Tourist */,
				A67CC12E20DC6532007E4C2D /* Virtual TouristTests */,
				A67CC11820DC652F007E4C2D /* Products */,
			);
			sourceTree = "<group>";
		};
		A67CC11820DC652F007E4C2D /* Products */ = {
			isa = PBXGroup;
			children = (
				A67CC11720DC652F007E4C2D /* Virtual Tourist.app */,
				A67CC12B20DC6532007E4C2D /* Virtual TouristTests.xctest */,
			);
			name = Products;
			sourceTree = "<group>";
		};
		A67CC11920DC652F007E4C2D /* Virtual Tourist */ = {
			isa = PBXGroup;
			children = (
				A67CC14020DC8A94007E4C2D /* Constants.swift */,
				A67CC13F20DC76D3007E4C2D /* Album */,
				A67CC13C20DC6751007E4C2D /* Map */,
				A67CC14320DE905F007E4C2D /* Model */,
				A67CC14220DE8C4D007E4C2D /* Network */,
				A634F42E20EC2D6E00957041 /* Protocols */,
				A67CC11A20DC652F007E4C2D /* AppDelegate.swift */,
				A67CC11E20DC652F007E4C2D /* Main.storyboard */,
				A67CC12120DC6532007E4C2D /* Assets.xcassets */,
				A67CC12320DC6532007E4C2D /* LaunchScreen.storyboard */,
				A67CC12620DC6532007E4C2D /* Info.plist */,
			);
			path = "Virtual Tourist";
			sourceTree = "<group>";
		};
		A67CC12E20DC6532007E4C2D /* Virtual TouristTests */ = {
			isa = PBXGroup;
			children = (
				A67CC12F20DC6532007E4C2D /* Virtual_TouristTests.swift */,
				A67CC13120DC6532007E4C2D /* Info.plist */,
			);
			path = "Virtual TouristTests";
			sourceTree = "<group>";
		};
		A67CC13C20DC6751007E4C2D /* Map */ = {
			isa = PBXGroup;
			children = (
				A67CC11C20DC652F007E4C2D /* TravelLocationsViewController.swift */,
				A67CC13D20DC72CC007E4C2D /* TravelAnnotation.swift */,
			);
			path = Map;
			sourceTree = "<group>";
		};
		A67CC13F20DC76D3007E4C2D /* Album */ = {
			isa = PBXGroup;
			children = (
				A67CC13A20DC66D2007E4C2D /* PhotoAlbumViewController.swift */,
				A67CC14E20DEBFF0007E4C2D /* PhotoCollectionViewCell.swift */,
			);
			path = Album;
			sourceTree = "<group>";
		};
		A67CC14220DE8C4D007E4C2D /* Network */ = {
			isa = PBXGroup;
			children = (
				A60406D020EA94F6009ABFE0 /* NetworkManager.swift */,
				A60406D220EA9992009ABFE0 /* NetworkManagerConvenience.swift */,
			);
			path = Network;
			sourceTree = "<group>";
		};
		A67CC14320DE905F007E4C2D /* Model */ = {
			isa = PBXGroup;
			children = (
				A67CC14720DE9605007E4C2D /* Managed Object Extensions */,
				A67CC14420DE9090007E4C2D /* VirtualTourist.xcdatamodeld */,
				A67CC14C20DEB4B7007E4C2D /* DataController.swift */,
			);
			path = Model;
			sourceTree = "<group>";
		};
		A67CC14720DE9605007E4C2D /* Managed Object Extensions */ = {
			isa = PBXGroup;
			children = (
				A67CC14820DE965B007E4C2D /* Pin+Extensions.swift */,
				A67CC14A20DE967C007E4C2D /* Photo+Extensions.swift */,
			);
			path = "Managed Object Extensions";
			sourceTree = "<group>";
		};
/* End PBXGroup section */

/* Begin PBXNativeTarget section */
		A67CC11620DC652F007E4C2D /* Virtual Tourist */ = {
			isa = PBXNativeTarget;
			buildConfigurationList = A67CC13420DC6533007E4C2D /* Build configuration list for PBXNativeTarget "Virtual Tourist" */;
			buildPhases = (
				A67CC11320DC652F007E4C2D /* Sources */,
				A67CC11420DC652F007E4C2D /* Frameworks */,
				A67CC11520DC652F007E4C2D /* Resources */,
			);
			buildRules = (
			);
			dependencies = (
			);
			name = "Virtual Tourist";
			productName = "Virtual Tourist";
			productReference = A67CC11720DC652F007E4C2D /* Virtual Tourist.app */;
			productType = "com.apple.product-type.application";
		};
		A67CC12A20DC6532007E4C2D /* Virtual TouristTests */ = {
			isa = PBXNativeTarget;
			buildConfigurationList = A67CC13720DC6533007E4C2D /* Build configuration list for PBXNativeTarget "Virtual TouristTests" */;
			buildPhases = (
				A67CC12720DC6532007E4C2D /* Sources */,
				A67CC12820DC6532007E4C2D /* Frameworks */,
				A67CC12920DC6532007E4C2D /* Resources */,
			);
			buildRules = (
			);
			dependencies = (
				A67CC12D20DC6532007E4C2D /* PBXTargetDependency */,
			);
			name = "Virtual TouristTests";
			productName = "Virtual TouristTests";
			productReference = A67CC12B20DC6532007E4C2D /* Virtual TouristTests.xctest */;
			productType = "com.apple.product-type.bundle.unit-test";
		};
/* End PBXNativeTarget section */

/* Begin PBXProject section */
		A67CC10F20DC652F007E4C2D /* Project object */ = {
			isa = PBXProject;
			attributes = {
				LastSwiftUpdateCheck = 0940;
				LastUpgradeCheck = 0940;
				ORGANIZATIONNAME = "Swift Enthusiast";
				TargetAttributes = {
					A67CC11620DC652F007E4C2D = {
						CreatedOnToolsVersion = 9.4.1;
					};
					A67CC12A20DC6532007E4C2D = {
						CreatedOnToolsVersion = 9.4.1;
						TestTargetID = A67CC11620DC652F007E4C2D;
					};
				};
			};
			buildConfigurationList = A67CC11220DC652F007E4C2D /* Build configuration list for PBXProject "Virtual Tourist" */;
			compatibilityVersion = "Xcode 9.3";
			developmentRegion = en;
			hasScannedForEncodings = 0;
			knownRegions = (
				en,
				Base,
			);
			mainGroup = A67CC10E20DC652F007E4C2D;
			productRefGroup = A67CC11820DC652F007E4C2D /* Products */;
			projectDirPath = "";
			projectRoot = "";
			targets = (
				A67CC11620DC652F007E4C2D /* Virtual Tourist */,
				A67CC12A20DC6532007E4C2D /* Virtual TouristTests */,
			);
		};
/* End PBXProject section */

/* Begin PBXResourcesBuildPhase section */
		A67CC11520DC652F007E4C2D /* Resources */ = {
			isa = PBXResourcesBuildPhase;
			buildActionMask = 2147483647;
			files = (
				A634F42D20EBD8FC00957041 /* .gitignore in Resources */,
				A67CC12520DC6532007E4C2D /* LaunchScreen.storyboard in Resources */,
				A67CC12220DC6532007E4C2D /* Assets.xcassets in Resources */,
				A67CC12020DC652F007E4C2D /* Main.storyboard in Resources */,
			);
			runOnlyForDeploymentPostprocessing = 0;
		};
		A67CC12920DC6532007E4C2D /* Resources */ = {
			isa = PBXResourcesBuildPhase;
			buildActionMask = 2147483647;
			files = (
			);
			runOnlyForDeploymentPostprocessing = 0;
		};
/* End PBXResourcesBuildPhase section */

/* Begin PBXSourcesBuildPhase section */
		A67CC11320DC652F007E4C2D /* Sources */ = {
			isa = PBXSourcesBuildPhase;
			buildActionMask = 2147483647;
			files = (
				A67CC14120DC8A94007E4C2D /* Constants.swift in Sources */,
				A67CC14F20DEBFF0007E4C2D /* PhotoCollectionViewCell.swift in Sources */,
				A67CC11D20DC652F007E4C2D /* TravelLocationsViewController.swift in Sources */,
				A67CC14920DE965B007E4C2D /* Pin+Extensions.swift in Sources */,
				A60406D320EA9992009ABFE0 /* NetworkManagerConvenience.swift in Sources */,
				A634F43020EC2DB700957041 /* Cell.swift in Sources */,
				A60406D120EA94F6009ABFE0 /* NetworkManager.swift in Sources */,
				A67CC14620DE9090007E4C2D /* VirtualTourist.xcdatamodeld in Sources */,
				A67CC14D20DEB4B7007E4C2D /* DataController.swift in Sources */,
				A67CC11B20DC652F007E4C2D /* AppDelegate.swift in Sources */,
				A67CC13E20DC72CC007E4C2D /* TravelAnnotation.swift in Sources */,
				A67CC14B20DE967C007E4C2D /* Photo+Extensions.swift in Sources */,
				A67CC13B20DC66D2007E4C2D /* PhotoAlbumViewController.swift in Sources */,
			);
			runOnlyForDeploymentPostprocessing = 0;
		};
		A67CC12720DC6532007E4C2D /* Sources */ = {
			isa = PBXSourcesBuildPhase;
			buildActionMask = 2147483647;
			files = (
				A67CC13020DC6532007E4C2D /* Virtual_TouristTests.swift in Sources */,
			);
			runOnlyForDeploymentPostprocessing = 0;
		};
/* End PBXSourcesBuildPhase section */

/* Begin PBXTargetDependency section */
		A67CC12D20DC6532007E4C2D /* PBXTargetDependency */ = {
			isa = PBXTargetDependency;
			target = A67CC11620DC652F007E4C2D /* Virtual Tourist */;
			targetProxy = A67CC12C20DC6532007E4C2D /* PBXContainerItemProxy */;
		};
/* End PBXTargetDependency section */

/* Begin PBXVariantGroup section */
		A67CC11E20DC652F007E4C2D /* Main.storyboard */ = {
			isa = PBXVariantGroup;
			children = (
				A67CC11F20DC652F007E4C2D /* Base */,
			);
			name = Main.storyboard;
			sourceTree = "<group>";
		};
		A67CC12320DC6532007E4C2D /* LaunchScreen.storyboard */ = {
			isa = PBXVariantGroup;
			children = (
				A67CC12420DC6532007E4C2D /* Base */,
			);
			name = LaunchScreen.storyboard;
			sourceTree = "<group>";
		};
/* End PBXVariantGroup section */

/* Begin XCBuildConfiguration section */
		A67CC13220DC6533007E4C2D /* Debug */ = {
			isa = XCBuildConfiguration;
			buildSettings = {
				ALWAYS_SEARCH_USER_PATHS = NO;
				CLANG_ANALYZER_NONNULL = YES;
				CLANG_ANALYZER_NUMBER_OBJECT_CONVERSION = YES_AGGRESSIVE;
				CLANG_CXX_LANGUAGE_STANDARD = "gnu++14";
				CLANG_CXX_LIBRARY = "libc++";
				CLANG_ENABLE_MODULES = YES;
				CLANG_ENABLE_OBJC_ARC = YES;
				CLANG_ENABLE_OBJC_WEAK = YES;
				CLANG_WARN_BLOCK_CAPTURE_AUTORELEASING = YES;
				CLANG_WARN_BOOL_CONVERSION = YES;
				CLANG_WARN_COMMA = YES;
				CLANG_WARN_CONSTANT_CONVERSION = YES;
				CLANG_WARN_DEPRECATED_OBJC_IMPLEMENTATIONS = YES;
				CLANG_WARN_DIRECT_OBJC_ISA_USAGE = YES_ERROR;
				CLANG_WARN_DOCUMENTATION_COMMENTS = YES;
				CLANG_WARN_EMPTY_BODY = YES;
				CLANG_WARN_ENUM_CONVERSION = YES;
				CLANG_WARN_INFINITE_RECURSION = YES;
				CLANG_WARN_INT_CONVERSION = YES;
				CLANG_WARN_NON_LITERAL_NULL_CONVERSION = YES;
				CLANG_WARN_OBJC_IMPLICIT_RETAIN_SELF = YES;
				CLANG_WARN_OBJC_LITERAL_CONVERSION = YES;
				CLANG_WARN_OBJC_ROOT_CLASS = YES_ERROR;
				CLANG_WARN_RANGE_LOOP_ANALYSIS = YES;
				CLANG_WARN_STRICT_PROTOTYPES = YES;
				CLANG_WARN_SUSPICIOUS_MOVE = YES;
				CLANG_WARN_UNGUARDED_AVAILABILITY = YES_AGGRESSIVE;
				CLANG_WARN_UNREACHABLE_CODE = YES;
				CLANG_WARN__DUPLICATE_METHOD_MATCH = YES;
				CODE_SIGN_IDENTITY = "iPhone Developer";
				COPY_PHASE_STRIP = NO;
				DEBUG_INFORMATION_FORMAT = dwarf;
				ENABLE_STRICT_OBJC_MSGSEND = YES;
				ENABLE_TESTABILITY = YES;
				GCC_C_LANGUAGE_STANDARD = gnu11;
				GCC_DYNAMIC_NO_PIC = NO;
				GCC_NO_COMMON_BLOCKS = YES;
				GCC_OPTIMIZATION_LEVEL = 0;
				GCC_PREPROCESSOR_DEFINITIONS = (
					"DEBUG=1",
					"$(inherited)",
				);
				GCC_WARN_64_TO_32_BIT_CONVERSION = YES;
				GCC_WARN_ABOUT_RETURN_TYPE = YES_ERROR;
				GCC_WARN_UNDECLARED_SELECTOR = YES;
				GCC_WARN_UNINITIALIZED_AUTOS = YES_AGGRESSIVE;
				GCC_WARN_UNUSED_FUNCTION = YES;
				GCC_WARN_UNUSED_VARIABLE = YES;
				IPHONEOS_DEPLOYMENT_TARGET = 11.4;
				MTL_ENABLE_DEBUG_INFO = YES;
				ONLY_ACTIVE_ARCH = YES;
				SDKROOT = iphoneos;
				SWIFT_ACTIVE_COMPILATION_CONDITIONS = DEBUG;
				SWIFT_OPTIMIZATION_LEVEL = "-Onone";
			};
			name = Debug;
		};
		A67CC13320DC6533007E4C2D /* Release */ = {
			isa = XCBuildConfiguration;
			buildSettings = {
				ALWAYS_SEARCH_USER_PATHS = NO;
				CLANG_ANALYZER_NONNULL = YES;
				CLANG_ANALYZER_NUMBER_OBJECT_CONVERSION = YES_AGGRESSIVE;
				CLANG_CXX_LANGUAGE_STANDARD = "gnu++14";
				CLANG_CXX_LIBRARY = "libc++";
				CLANG_ENABLE_MODULES = YES;
				CLANG_ENABLE_OBJC_ARC = YES;
				CLANG_ENABLE_OBJC_WEAK = YES;
				CLANG_WARN_BLOCK_CAPTURE_AUTORELEASING = YES;
				CLANG_WARN_BOOL_CONVERSION = YES;
				CLANG_WARN_COMMA = YES;
				CLANG_WARN_CONSTANT_CONVERSION = YES;
				CLANG_WARN_DEPRECATED_OBJC_IMPLEMENTATIONS = YES;
				CLANG_WARN_DIRECT_OBJC_ISA_USAGE = YES_ERROR;
				CLANG_WARN_DOCUMENTATION_COMMENTS = YES;
				CLANG_WARN_EMPTY_BODY = YES;
				CLANG_WARN_ENUM_CONVERSION = YES;
				CLANG_WARN_INFINITE_RECURSION = YES;
				CLANG_WARN_INT_CONVERSION = YES;
				CLANG_WARN_NON_LITERAL_NULL_CONVERSION = YES;
				CLANG_WARN_OBJC_IMPLICIT_RETAIN_SELF = YES;
				CLANG_WARN_OBJC_LITERAL_CONVERSION = YES;
				CLANG_WARN_OBJC_ROOT_CLASS = YES_ERROR;
				CLANG_WARN_RANGE_LOOP_ANALYSIS = YES;
				CLANG_WARN_STRICT_PROTOTYPES = YES;
				CLANG_WARN_SUSPICIOUS_MOVE = YES;
				CLANG_WARN_UNGUARDED_AVAILABILITY = YES_AGGRESSIVE;
				CLANG_WARN_UNREACHABLE_CODE = YES;
				CLANG_WARN__DUPLICATE_METHOD_MATCH = YES;
				CODE_SIGN_IDENTITY = "iPhone Developer";
				COPY_PHASE_STRIP = NO;
				DEBUG_INFORMATION_FORMAT = "dwarf-with-dsym";
				ENABLE_NS_ASSERTIONS = NO;
				ENABLE_STRICT_OBJC_MSGSEND = YES;
				GCC_C_LANGUAGE_STANDARD = gnu11;
				GCC_NO_COMMON_BLOCKS = YES;
				GCC_WARN_64_TO_32_BIT_CONVERSION = YES;
				GCC_WARN_ABOUT_RETURN_TYPE = YES_ERROR;
				GCC_WARN_UNDECLARED_SELECTOR = YES;
				GCC_WARN_UNINITIALIZED_AUTOS = YES_AGGRESSIVE;
				GCC_WARN_UNUSED_FUNCTION = YES;
				GCC_WARN_UNUSED_VARIABLE = YES;
				IPHONEOS_DEPLOYMENT_TARGET = 11.4;
				MTL_ENABLE_DEBUG_INFO = NO;
				SDKROOT = iphoneos;
				SWIFT_COMPILATION_MODE = wholemodule;
				SWIFT_OPTIMIZATION_LEVEL = "-O";
				VALIDATE_PRODUCT = YES;
			};
			name = Release;
		};
		A67CC13520DC6533007E4C2D /* Debug */ = {
			isa = XCBuildConfiguration;
			buildSettings = {
				ASSETCATALOG_COMPILER_APPICON_NAME = AppIcon;
				CODE_SIGN_STYLE = Manual;
				DEVELOPMENT_TEAM = "";
				INFOPLIST_FILE = "Virtual Tourist/Info.plist";
				LD_RUNPATH_SEARCH_PATHS = (
					"$(inherited)",
					"@executable_path/Frameworks",
				);
				PRODUCT_BUNDLE_IDENTIFIER = "com.swiftentusiast.Virtual-Tourist";
				PRODUCT_NAME = "$(TARGET_NAME)";
				PROVISIONING_PROFILE_SPECIFIER = "";
				SWIFT_VERSION = 4.0;
				TARGETED_DEVICE_FAMILY = "1,2";
			};
			name = Debug;
		};
		A67CC13620DC6533007E4C2D /* Release */ = {
			isa = XCBuildConfiguration;
			buildSettings = {
				ASSETCATALOG_COMPILER_APPICON_NAME = AppIcon;
				CODE_SIGN_STYLE = Manual;
				DEVELOPMENT_TEAM = "";
				INFOPLIST_FILE = "Virtual Tourist/Info.plist";
				LD_RUNPATH_SEARCH_PATHS = (
					"$(inherited)",
					"@executable_path/Frameworks",
				);
				PRODUCT_BUNDLE_IDENTIFIER = "com.swiftentusiast.Virtual-Tourist";
				PRODUCT_NAME = "$(TARGET_NAME)";
				PROVISIONING_PROFILE_SPECIFIER = "";
				SWIFT_VERSION = 4.0;
				TARGETED_DEVICE_FAMILY = "1,2";
			};
			name = Release;
		};
		A67CC13820DC6533007E4C2D /* Debug */ = {
			isa = XCBuildConfiguration;
			buildSettings = {
				ALWAYS_EMBED_SWIFT_STANDARD_LIBRARIES = YES;
				BUNDLE_LOADER = "$(TEST_HOST)";
				CODE_SIGN_STYLE = Automatic;
				INFOPLIST_FILE = "Virtual TouristTests/Info.plist";
				LD_RUNPATH_SEARCH_PATHS = (
					"$(inherited)",
					"@executable_path/Frameworks",
					"@loader_path/Frameworks",
				);
				PRODUCT_BUNDLE_IDENTIFIER = "com.swiftentusiast.Virtual-TouristTests";
				PRODUCT_NAME = "$(TARGET_NAME)";
				SWIFT_VERSION = 4.0;
				TARGETED_DEVICE_FAMILY = "1,2";
				TEST_HOST = "$(BUILT_PRODUCTS_DIR)/Virtual Tourist.app/Virtual Tourist";
			};
			name = Debug;
		};
		A67CC13920DC6533007E4C2D /* Release */ = {
			isa = XCBuildConfiguration;
			buildSettings = {
				ALWAYS_EMBED_SWIFT_STANDARD_LIBRARIES = YES;
				BUNDLE_LOADER = "$(TEST_HOST)";
				CODE_SIGN_STYLE = Automatic;
				INFOPLIST_FILE = "Virtual TouristTests/Info.plist";
				LD_RUNPATH_SEARCH_PATHS = (
					"$(inherited)",
					"@executable_path/Frameworks",
					"@loader_path/Frameworks",
				);
				PRODUCT_BUNDLE_IDENTIFIER = "com.swiftentusiast.Virtual-TouristTests";
				PRODUCT_NAME = "$(TARGET_NAME)";
				SWIFT_VERSION = 4.0;
				TARGETED_DEVICE_FAMILY = "1,2";
				TEST_HOST = "$(BUILT_PRODUCTS_DIR)/Virtual Tourist.app/Virtual Tourist";
			};
			name = Release;
		};
/* End XCBuildConfiguration section */

/* Begin XCConfigurationList section */
		A67CC11220DC652F007E4C2D /* Build configuration list for PBXProject "Virtual Tourist" */ = {
			isa = XCConfigurationList;
			buildConfigurations = (
				A67CC13220DC6533007E4C2D /* Debug */,
				A67CC13320DC6533007E4C2D /* Release */,
			);
			defaultConfigurationIsVisible = 0;
			defaultConfigurationName = Release;
		};
		A67CC13420DC6533007E4C2D /* Build configuration list for PBXNativeTarget "Virtual Tourist" */ = {
			isa = XCConfigurationList;
			buildConfigurations = (
				A67CC13520DC6533007E4C2D /* Debug */,
				A67CC13620DC6533007E4C2D /* Release */,
			);
			defaultConfigurationIsVisible = 0;
			defaultConfigurationName = Release;
		};
		A67CC13720DC6533007E4C2D /* Build configuration list for PBXNativeTarget "Virtual TouristTests" */ = {
			isa = XCConfigurationList;
			buildConfigurations = (
				A67CC13820DC6533007E4C2D /* Debug */,
				A67CC13920DC6533007E4C2D /* Release */,
			);
			defaultConfigurationIsVisible = 0;
			defaultConfigurationName = Release;
		};
/* End XCConfigurationList section */

/* Begin XCVersionGroup section */
		A67CC14420DE9090007E4C2D /* VirtualTourist.xcdatamodeld */ = {
			isa = XCVersionGroup;
			children = (
				A67CC14520DE9090007E4C2D /* VirtualTourist.xcdatamodel */,
			);
			currentVersion = A67CC14520DE9090007E4C2D /* VirtualTourist.xcdatamodel */;
			path = VirtualTourist.xcdatamodeld;
			sourceTree = "<group>";
			versionGroupType = wrapper.xcdatamodel;
		};
/* End XCVersionGroup section */
	};
	rootObject = A67CC10F20DC652F007E4C2D /* Project object */;
}
